{
	"name": "@colyseus/core",
	"version": "0.14.15",
	"lockfileVersion": 2,
	"requires": true,
	"packages": {
		"": {
			"name": "@colyseus/core",
			"version": "0.14.15",
			"license": "MIT",
			"dependencies": {
				"@types/ws": "^6.0.1",
				"ws": "^7.1.0"
			},
			"engines": {
				"node": ">= 12.x"
			}
		},
		"node_modules/@types/node": {
			"version": "13.13.46",
			"resolved": "https://registry.npmjs.org/@types/node/-/node-13.13.46.tgz",
			"integrity": "sha512-dqpbzK/KDsOlEt+oyB3rv+u1IxlLFziZu/Z0adfRKoelkr+sTd6QcgiQC+HWq/vkYkHwG5ot2LxgV05aAjnhcg=="
		},
		"node_modules/@types/ws": {
			"version": "6.0.4",
			"resolved": "https://registry.npmjs.org/@types/ws/-/ws-6.0.4.tgz",
			"integrity": "sha512-PpPrX7SZW9re6+Ha8ojZG4Se8AZXgf0GK6zmfqEuCsY49LFDNXO3SByp44X3dFEqtB73lkCDAdUazhAjVPiNwg==",
			"dependencies": {
				"@types/node": "*"
			}
		},
		"node_modules/ws": {
			"version": "7.4.4",
			"resolved": "https://registry.npmjs.org/ws/-/ws-7.4.4.tgz",
			"integrity": "sha512-Qm8k8ojNQIMx7S+Zp8u/uHOx7Qazv3Yv4q68MiWWWOJhiwG5W3x7iqmRtJo8xxrciZUY4vRxUTJCKuRnF28ZZw==",
			"engines": {
				"node": ">=8.3.0"
			},
			"peerDependencies": {
				"bufferutil": "^4.0.1",
				"utf-8-validate": "^5.0.2"
			},
			"peerDependenciesMeta": {
				"bufferutil": {
					"optional": true
				},
				"utf-8-validate": {
					"optional": true
				}
			}
		}
	},
	"dependencies": {
		"@types/node": {
			"version": "13.13.46",
			"resolved": "https://registry.npmjs.org/@types/node/-/node-13.13.46.tgz",
			"integrity": "sha512-dqpbzK/KDsOlEt+oyB3rv+u1IxlLFziZu/Z0adfRKoelkr+sTd6QcgiQC+HWq/vkYkHwG5ot2LxgV05aAjnhcg=="
		},
		"@types/ws": {
			"version": "6.0.4",
			"resolved": "https://registry.npmjs.org/@types/ws/-/ws-6.0.4.tgz",
			"integrity": "sha512-PpPrX7SZW9re6+Ha8ojZG4Se8AZXgf0GK6zmfqEuCsY49LFDNXO3SByp44X3dFEqtB73lkCDAdUazhAjVPiNwg==",
			"requires": {
				"@types/node": "*"
			}
		},
		"ws": {
			"version": "7.4.4",
			"resolved": "https://registry.npmjs.org/ws/-/ws-7.4.4.tgz",
			"integrity": "sha512-Qm8k8ojNQIMx7S+Zp8u/uHOx7Qazv3Yv4q68MiWWWOJhiwG5W3x7iqmRtJo8xxrciZUY4vRxUTJCKuRnF28ZZw==",
			"requires": {}
		}
	}
}
