{
	"name": "@colyseus/uws-transport",
	"version": "0.14.20",
	"lockfileVersion": 2,
	"requires": true,
	"packages": {
		"": {
			"name": "@colyseus/uws-transport",
			"version": "0.14.0",
			"license": "MIT",
			"dependencies": {
				"uWebSockets.js": "github:uNetworking/uWebSockets.js#v19.2.0"
			}
		},
		"node_modules/uWebSockets.js": {
			"version": "19.2.0",
			"resolved": "git+ssh://git@github.com/uNetworking/uWebSockets.js.git#77b1761c5a23ac6a5c2adf2bd808be0ae6b5000a"
		}
	},
	"dependencies": {
		"uWebSockets.js": {
			"version": "git+ssh://git@github.com/uNetworking/uWebSockets.js.git#77b1761c5a23ac6a5c2adf2bd808be0ae6b5000a",
			"from": "uWebSockets.js@github:uNetworking/uWebSockets.js#v19.2.0"
		}
	}
}
