{
	"name": "@colyseus/testing",
	"version": "0.14.20",
	"lockfileVersion": 2,
	"requires": true,
	"packages": {
		"": {
			"name": "@colyseus/testing",
			"version": "0.14.19",
			"license": "MIT",
			"dependencies": {
				"colyseus.js": "^0.14.13-alpha.0"
			},
			"engines": {
				"node": ">= 14.x"
			}
		},
		"node_modules/@colyseus/schema": {
			"version": "1.0.25",
			"resolved": "https://registry.npmjs.org/@colyseus/schema/-/schema-1.0.25.tgz",
			"integrity": "sha512-Obb4/Nh+uXJaLg57lFoe9wFL5vVkjZqoi7SlBPw4h9xzTdj9PTfh9t1s+ZRmnc15SknN8nrjrMArIJ77nyVCKQ==",
			"bin": {
				"schema-codegen": "bin/schema-codegen"
			}
		},
		"node_modules/colyseus.js": {
			"version": "0.14.13-alpha.0",
			"resolved": "https://registry.npmjs.org/colyseus.js/-/colyseus.js-0.14.13-alpha.0.tgz",
			"integrity": "sha512-CqTX8fwVnyeQfmJbru929GUvCpRS4msoq9FPUS5QQQpkGnXK041fLZWfS+6aMlS/8iFw2doFClxpf7N9WboEnw==",
			"dependencies": {
				"@colyseus/schema": "^1.0.22",
				"httpie": "^2.0.0-next.13",
				"nanoevents": "^5.1.12",
				"notepack.io": "^2.1.3",
				"tslib": "^2.1.0"
			},
			"engines": {
				"node": ">= 12.x"
			}
		},
		"node_modules/httpie": {
			"version": "2.0.0-next.13",
			"resolved": "https://registry.npmjs.org/httpie/-/httpie-2.0.0-next.13.tgz",
			"integrity": "sha512-KbKOnq8wt0hVEfteYCSnEsPgzaWxcVc4qZ4OaDU9mVOYLRo3XChjWs3MiuRgFu5y+4JDo7sDKdKzkAn1ljQYFA==",
			"engines": {
				"node": ">=10"
			}
		},
		"node_modules/nanoevents": {
			"version": "5.1.13",
			"resolved": "https://registry.npmjs.org/nanoevents/-/nanoevents-5.1.13.tgz",
			"integrity": "sha512-JFAeG9fp0QZnRoESHjkbVFbZ9BkOXkkagUVwZVo/pkSX+Fq1VKlY+5og/8X9CYc6C7vje/CV+bwJ5M2X0+IY9Q==",
			"engines": {
				"node": ">=6.0.0"
			}
		},
		"node_modules/notepack.io": {
			"version": "2.3.0",
			"resolved": "https://registry.npmjs.org/notepack.io/-/notepack.io-2.3.0.tgz",
			"integrity": "sha512-9RiFDxeydHsWOqdthRUck2Kd4UW2NzVd2xxOulZiQ9mvge6ElsHXLpwD3HEJyql6sFEnEn/eMO7HSdS0M5mWkA=="
		},
		"node_modules/tslib": {
			"version": "2.3.0",
			"resolved": "https://registry.npmjs.org/tslib/-/tslib-2.3.0.tgz",
			"integrity": "sha512-N82ooyxVNm6h1riLCoyS9e3fuJ3AMG2zIZs2Gd1ATcSFjSA23Q0fzjjZeh0jbJvWVDZ0cJT8yaNNaaXHzueNjg=="
		}
	},
	"dependencies": {
		"@colyseus/schema": {
			"version": "1.0.25",
			"resolved": "https://registry.npmjs.org/@colyseus/schema/-/schema-1.0.25.tgz",
			"integrity": "sha512-Obb4/Nh+uXJaLg57lFoe9wFL5vVkjZqoi7SlBPw4h9xzTdj9PTfh9t1s+ZRmnc15SknN8nrjrMArIJ77nyVCKQ=="
		},
		"colyseus.js": {
			"version": "0.14.13-alpha.0",
			"resolved": "https://registry.npmjs.org/colyseus.js/-/colyseus.js-0.14.13-alpha.0.tgz",
			"integrity": "sha512-CqTX8fwVnyeQfmJbru929GUvCpRS4msoq9FPUS5QQQpkGnXK041fLZWfS+6aMlS/8iFw2doFClxpf7N9WboEnw==",
			"requires": {
				"@colyseus/schema": "^1.0.22",
				"httpie": "^2.0.0-next.13",
				"nanoevents": "^5.1.12",
				"notepack.io": "^2.1.3",
				"tslib": "^2.1.0"
			}
		},
		"httpie": {
			"version": "2.0.0-next.13",
			"resolved": "https://registry.npmjs.org/httpie/-/httpie-2.0.0-next.13.tgz",
			"integrity": "sha512-KbKOnq8wt0hVEfteYCSnEsPgzaWxcVc4qZ4OaDU9mVOYLRo3XChjWs3MiuRgFu5y+4JDo7sDKdKzkAn1ljQYFA=="
		},
		"nanoevents": {
			"version": "5.1.13",
			"resolved": "https://registry.npmjs.org/nanoevents/-/nanoevents-5.1.13.tgz",
			"integrity": "sha512-JFAeG9fp0QZnRoESHjkbVFbZ9BkOXkkagUVwZVo/pkSX+Fq1VKlY+5og/8X9CYc6C7vje/CV+bwJ5M2X0+IY9Q=="
		},
		"notepack.io": {
			"version": "2.3.0",
			"resolved": "https://registry.npmjs.org/notepack.io/-/notepack.io-2.3.0.tgz",
			"integrity": "sha512-9RiFDxeydHsWOqdthRUck2Kd4UW2NzVd2xxOulZiQ9mvge6ElsHXLpwD3HEJyql6sFEnEn/eMO7HSdS0M5mWkA=="
		},
		"tslib": {
			"version": "2.3.0",
			"resolved": "https://registry.npmjs.org/tslib/-/tslib-2.3.0.tgz",
			"integrity": "sha512-N82ooyxVNm6h1riLCoyS9e3fuJ3AMG2zIZs2Gd1ATcSFjSA23Q0fzjjZeh0jbJvWVDZ0cJT8yaNNaaXHzueNjg=="
		}
	}
}
